
Microsoft Visual Studio Solution File, Format Version 12.00
# Visual Studio Version 16
VisualStudioVersion = 16.0.31729.503
MinimumVisualStudioVersion = 10.0.40219.1
Project("{8BC9CEB8-8B4A-11D0-8D11-00A0C91BC942}") = "三角形题目类", "三角形题目类\三角形题目类.vcxproj", "{C882EF0D-77F2-4EAD-BE13-FEB1253EBE74}"
EndProject
Global
	GlobalSection(SolutionConfigurationPlatforms) = preSolution
		Debug|x64 = Debug|x64
		Debug|x86 = Debug|x86
		Release|x64 = Release|x64
		Release|x86 = Release|x86
	EndGlobalSection
	GlobalSection(ProjectConfigurationPlatforms) = postSolution
		{C882EF0D-77F2-4EAD-BE13-FEB1253EBE74}.Debug|x64.ActiveCfg = Debug|x64
		{C882EF0D-77F2-4EAD-BE13-FEB1253EBE74}.Debug|x64.Build.0 = Debug|x64
		{C882EF0D-77F2-4EAD-BE13-FEB1253EBE74}.Debug|x86.ActiveCfg = Debug|Win32
		{C882EF0D-77F2-4EAD-BE13-FEB1253EBE74}.Debug|x86.Build.0 = Debug|Win32
		{C882EF0D-77F2-4EAD-BE13-FEB1253EBE74}.Release|x64.ActiveCfg = Release|x64
		{C882EF0D-77F2-4EAD-BE13-FEB1253EBE74}.Release|x64.Build.0 = Release|x64
		{C882EF0D-77F2-4EAD-BE13-FEB1253EBE74}.Release|x86.ActiveCfg = Release|Win32
		{C882EF0D-77F2-4EAD-BE13-FEB1253EBE74}.Release|x86.Build.0 = Release|Win32
	EndGlobalSection
	GlobalSection(SolutionProperties) = preSolution
		HideSolutionNode = FALSE
	EndGlobalSection
	GlobalSection(ExtensibilityGlobals) = postSolution
		SolutionGuid = {AB1DF348-C630-450F-A7B6-02990D3A67EE}
	EndGlobalSection
EndGlobal
